// !$*UTF8*$!
{
	archiveVersion = 1;
	classes = {
	};
	objectVersion = 56;
	objects = {

/* Begin PBXBuildFile section */
		42A5139DD5D01FE0819AC8F5 /* Pods_NewsApp.framework in Frameworks */ = {isa = PBXBuildFile; fileRef = 6D4C1C86F2202F72C594E061 /* Pods_NewsApp.framework */; };
		9BD12EF22BFE20E800BBCCFA /* AppDelegate.swift in Sources */ = {isa = PBXBuildFile; fileRef = 9BD12EF12BFE20E800BBCCFA /* AppDelegate.swift */; };
		9BD12EF42BFE20E800BBCCFA /* SceneDelegate.swift in Sources */ = {isa = PBXBuildFile; fileRef = 9BD12EF32BFE20E800BBCCFA /* SceneDelegate.swift */; };
		9BD12EF62BFE20E800BBCCFA /* ViewController.swift in Sources */ = {isa = PBXBuildFile; fileRef = 9BD12EF52BFE20E800BBCCFA /* ViewController.swift */; };
		9BD12EF92BFE20E800BBCCFA /* Main.storyboard in Resources */ = {isa = PBXBuildFile; fileRef = 9BD12EF72BFE20E800BBCCFA /* Main.storyboard */; };
		9BD12EFC2BFE20E800BBCCFA /* NewsApp.xcdatamodeld in Sources */ = {isa = PBXBuildFile; fileRef = 9BD12EFA2BFE20E800BBCCFA /* NewsApp.xcdatamodeld */; };
		9BD12EFE2BFE20EA00BBCCFA /* Assets.xcassets in Resources */ = {isa = PBXBuildFile; fileRef = 9BD12EFD2BFE20EA00BBCCFA /* Assets.xcassets */; };
		9BD12F012BFE20EA00BBCCFA /* LaunchScreen.storyboard in Resources */ = {isa = PBXBuildFile; fileRef = 9BD12EFF2BFE20EA00BBCCFA /* LaunchScreen.storyboard */; };
		9BD12F0E2BFF701A00BBCCFA /* HomeViewController.swift in Sources */ = {isa = PBXBuildFile; fileRef = 9BD12F0D2BFF701A00BBCCFA /* HomeViewController.swift */; };
		9BD12F102BFF704600BBCCFA /* SavedArticlesViewController.swift in Sources */ = {isa = PBXBuildFile; fileRef = 9BD12F0F2BFF704600BBCCFA /* SavedArticlesViewController.swift */; };
		9BD12F122BFF74E800BBCCFA /* SearchViewController.swift in Sources */ = {isa = PBXBuildFile; fileRef = 9BD12F112BFF74E800BBCCFA /* SearchViewController.swift */; };
		9BD12F1A2C04A0F600BBCCFA /* NewsAppTests.swift in Sources */ = {isa = PBXBuildFile; fileRef = 9BD12F192C04A0F600BBCCFA /* NewsAppTests.swift */; };
		9BD12F252C04ADC400BBCCFA /* Constants.swift in Sources */ = {isa = PBXBuildFile; fileRef = 9BD12F242C04ADC400BBCCFA /* Constants.swift */; };
		9BD12F2A2C04B11A00BBCCFA /* ArticleTableViewCell.swift in Sources */ = {isa = PBXBuildFile; fileRef = 9BD12F282C04B11A00BBCCFA /* ArticleTableViewCell.swift */; };
		9BD12F2B2C04B11A00BBCCFA /* ArticleTableViewCell.xib in Resources */ = {isa = PBXBuildFile; fileRef = 9BD12F292C04B11A00BBCCFA /* ArticleTableViewCell.xib */; };
		9BD12F2D2C04B19B00BBCCFA /* ArticleData.swift in Sources */ = {isa = PBXBuildFile; fileRef = 9BD12F2C2C04B19B00BBCCFA /* ArticleData.swift */; };
		9BD12F2F2C04B32100BBCCFA /* ArticleModel.swift in Sources */ = {isa = PBXBuildFile; fileRef = 9BD12F2E2C04B32100BBCCFA /* ArticleModel.swift */; };
		9BD12F312C04B32E00BBCCFA /* NetworkManager.swift in Sources */ = {isa = PBXBuildFile; fileRef = 9BD12F302C04B32E00BBCCFA /* NetworkManager.swift */; };
		CAC6890AFC1FB0E4611F8268 /* Pods_NewsAppTests.framework in Frameworks */ = {isa = PBXBuildFile; fileRef = 9C017D79C46A4417C1C88B9F /* Pods_NewsAppTests.framework */; };
/* End PBXBuildFile section */

/* Begin PBXContainerItemProxy section */
		9BD12F1B2C04A0F600BBCCFA /* PBXContainerItemProxy */ = {
			isa = PBXContainerItemProxy;
			containerPortal = 9BD12EE62BFE20E800BBCCFA /* Project object */;
			proxyType = 1;
			remoteGlobalIDString = 9BD12EED2BFE20E800BBCCFA;
			remoteInfo = NewsApp;
		};
/* End PBXContainerItemProxy section */

/* Begin PBXFileReference section */
		4267094717AFDBF2E14E73F1 /* Pods-NewsAppTests.debug.xcconfig */ = {isa = PBXFileReference; includeInIndex = 1; lastKnownFileType = text.xcconfig; name = "Pods-NewsAppTests.debug.xcconfig"; path = "Target Support Files/Pods-NewsAppTests/Pods-NewsAppTests.debug.xcconfig"; sourceTree = "<group>"; };
		46B38344ADC330A6E4A42130 /* Pods-NewsAppTests.release.xcconfig */ = {isa = PBXFileReference; includeInIndex = 1; lastKnownFileType = text.xcconfig; name = "Pods-NewsAppTests.release.xcconfig"; path = "Target Support Files/Pods-NewsAppTests/Pods-NewsAppTests.release.xcconfig"; sourceTree = "<group>"; };
		6D4C1C86F2202F72C594E061 /* Pods_NewsApp.framework */ = {isa = PBXFileReference; explicitFileType = wrapper.framework; includeInIndex = 0; path = Pods_NewsApp.framework; sourceTree = BUILT_PRODUCTS_DIR; };
		9BD12EEE2BFE20E800BBCCFA /* NewsApp.app */ = {isa = PBXFileReference; explicitFileType = wrapper.application; includeInIndex = 0; path = NewsApp.app; sourceTree = BUILT_PRODUCTS_DIR; };
		9BD12EF12BFE20E800BBCCFA /* AppDelegate.swift */ = {isa = PBXFileReference; lastKnownFileType = sourcecode.swift; path = AppDelegate.swift; sourceTree = "<group>"; };
		9BD12EF32BFE20E800BBCCFA /* SceneDelegate.swift */ = {isa = PBXFileReference; lastKnownFileType = sourcecode.swift; path = SceneDelegate.swift; sourceTree = "<group>"; };
		9BD12EF52BFE20E800BBCCFA /* ViewController.swift */ = {isa = PBXFileReference; lastKnownFileType = sourcecode.swift; path = ViewController.swift; sourceTree = "<group>"; };
		9BD12EF82BFE20E800BBCCFA /* Base */ = {isa = PBXFileReference; lastKnownFileType = file.storyboard; name = Base; path = Base.lproj/Main.storyboard; sourceTree = "<group>"; };
		9BD12EFB2BFE20E800BBCCFA /* NewsApp.xcdatamodel */ = {isa = PBXFileReference; lastKnownFileType = wrapper.xcdatamodel; path = NewsApp.xcdatamodel; sourceTree = "<group>"; };
		9BD12EFD2BFE20EA00BBCCFA /* Assets.xcassets */ = {isa = PBXFileReference; lastKnownFileType = folder.assetcatalog; path = Assets.xcassets; sourceTree = "<group>"; };
		9BD12F002BFE20EA00BBCCFA /* Base */ = {isa = PBXFileReference; lastKnownFileType = file.storyboard; name = Base; path = Base.lproj/LaunchScreen.storyboard; sourceTree = "<group>"; };
		9BD12F022BFE20EA00BBCCFA /* Info.plist */ = {isa = PBXFileReference; lastKnownFileType = text.plist.xml; path = Info.plist; sourceTree = "<group>"; };
		9BD12F0D2BFF701A00BBCCFA /* HomeViewController.swift */ = {isa = PBXFileReference; lastKnownFileType = sourcecode.swift; path = HomeViewController.swift; sourceTree = "<group>"; };
		9BD12F0F2BFF704600BBCCFA /* SavedArticlesViewController.swift */ = {isa = PBXFileReference; lastKnownFileType = sourcecode.swift; path = SavedArticlesViewController.swift; sourceTree = "<group>"; };
		9BD12F112BFF74E800BBCCFA /* SearchViewController.swift */ = {isa = PBXFileReference; lastKnownFileType = sourcecode.swift; path = SearchViewController.swift; sourceTree = "<group>"; };
		9BD12F172C04A0F600BBCCFA /* NewsAppTests.xctest */ = {isa = PBXFileReference; explicitFileType = wrapper.cfbundle; includeInIndex = 0; path = NewsAppTests.xctest; sourceTree = BUILT_PRODUCTS_DIR; };
		9BD12F192C04A0F600BBCCFA /* NewsAppTests.swift */ = {isa = PBXFileReference; lastKnownFileType = sourcecode.swift; path = NewsAppTests.swift; sourceTree = "<group>"; };
		9BD12F242C04ADC400BBCCFA /* Constants.swift */ = {isa = PBXFileReference; lastKnownFileType = sourcecode.swift; path = Constants.swift; sourceTree = "<group>"; };
		9BD12F282C04B11A00BBCCFA /* ArticleTableViewCell.swift */ = {isa = PBXFileReference; lastKnownFileType = sourcecode.swift; path = ArticleTableViewCell.swift; sourceTree = "<group>"; };
		9BD12F292C04B11A00BBCCFA /* ArticleTableViewCell.xib */ = {isa = PBXFileReference; lastKnownFileType = file.xib; path = ArticleTableViewCell.xib; sourceTree = "<group>"; };
		9BD12F2C2C04B19B00BBCCFA /* ArticleData.swift */ = {isa = PBXFileReference; lastKnownFileType = sourcecode.swift; path = ArticleData.swift; sourceTree = "<group>"; };
		9BD12F2E2C04B32100BBCCFA /* ArticleModel.swift */ = {isa = PBXFileReference; lastKnownFileType = sourcecode.swift; path = ArticleModel.swift; sourceTree = "<group>"; };
		9BD12F302C04B32E00BBCCFA /* NetworkManager.swift */ = {isa = PBXFileReference; lastKnownFileType = sourcecode.swift; path = NetworkManager.swift; sourceTree = "<group>"; };
		9C017D79C46A4417C1C88B9F /* Pods_NewsAppTests.framework */ = {isa = PBXFileReference; explicitFileType = wrapper.framework; includeInIndex = 0; path = Pods_NewsAppTests.framework; sourceTree = BUILT_PRODUCTS_DIR; };
		BC0A31BC0A67B85D57761DDC /* Pods-NewsApp.debug.xcconfig */ = {isa = PBXFileReference; includeInIndex = 1; lastKnownFileType = text.xcconfig; name = "Pods-NewsApp.debug.xcconfig"; path = "Target Support Files/Pods-NewsApp/Pods-NewsApp.debug.xcconfig"; sourceTree = "<group>"; };
		F30CC01F1231C68F6C408F96 /* Pods-NewsApp.release.xcconfig */ = {isa = PBXFileReference; includeInIndex = 1; lastKnownFileType = text.xcconfig; name = "Pods-NewsApp.release.xcconfig"; path = "Target Support Files/Pods-NewsApp/Pods-NewsApp.release.xcconfig"; sourceTree = "<group>"; };
/* End PBXFileReference section */

/* Begin PBXFrameworksBuildPhase section */
		9BD12EEB2BFE20E800BBCCFA /* Frameworks */ = {
			isa = PBXFrameworksBuildPhase;
			buildActionMask = 2147483647;
			files = (
				42A5139DD5D01FE0819AC8F5 /* Pods_NewsApp.framework in Frameworks */,
			);
			runOnlyForDeploymentPostprocessing = 0;
		};
		9BD12F142C04A0F600BBCCFA /* Frameworks */ = {
			isa = PBXFrameworksBuildPhase;
			buildActionMask = 2147483647;
			files = (
				CAC6890AFC1FB0E4611F8268 /* Pods_NewsAppTests.framework in Frameworks */,
			);
			runOnlyForDeploymentPostprocessing = 0;
		};
/* End PBXFrameworksBuildPhase section */

/* Begin PBXGroup section */
		0DE68DBBC622E3294E9C109B /* Frameworks */ = {
			isa = PBXGroup;
			children = (
				6D4C1C86F2202F72C594E061 /* Pods_NewsApp.framework */,
				9C017D79C46A4417C1C88B9F /* Pods_NewsAppTests.framework */,
			);
			name = Frameworks;
			sourceTree = "<group>";
		};
		7745AD38AC7BBD74709AC50A /* Pods */ = {
			isa = PBXGroup;
			children = (
				BC0A31BC0A67B85D57761DDC /* Pods-NewsApp.debug.xcconfig */,
				F30CC01F1231C68F6C408F96 /* Pods-NewsApp.release.xcconfig */,
				4267094717AFDBF2E14E73F1 /* Pods-NewsAppTests.debug.xcconfig */,
				46B38344ADC330A6E4A42130 /* Pods-NewsAppTests.release.xcconfig */,
			);
			path = Pods;
			sourceTree = "<group>";
		};
		9BD12EE52BFE20E800BBCCFA = {
			isa = PBXGroup;
			children = (
				9BD12EF02BFE20E800BBCCFA /* NewsApp */,
				9BD12F182C04A0F600BBCCFA /* NewsAppTests */,
				9BD12EEF2BFE20E800BBCCFA /* Products */,
				7745AD38AC7BBD74709AC50A /* Pods */,
				0DE68DBBC622E3294E9C109B /* Frameworks */,
			);
			sourceTree = "<group>";
		};
		9BD12EEF2BFE20E800BBCCFA /* Products */ = {
			isa = PBXGroup;
			children = (
				9BD12EEE2BFE20E800BBCCFA /* NewsApp.app */,
				9BD12F172C04A0F600BBCCFA /* NewsAppTests.xctest */,
			);
			name = Products;
			sourceTree = "<group>";
		};
		9BD12EF02BFE20E800BBCCFA /* NewsApp */ = {
			isa = PBXGroup;
			children = (
				9BD12EF12BFE20E800BBCCFA /* AppDelegate.swift */,
				9BD12EF32BFE20E800BBCCFA /* SceneDelegate.swift */,
				9BD12F0A2BFF6BB700BBCCFA /* Models */,
				9BD12F092BFF6BAC00BBCCFA /* Views */,
				9BD12F082BFF6B9900BBCCFA /* Controllers */,
				9BD12EFD2BFE20EA00BBCCFA /* Assets.xcassets */,
				9BD12EFF2BFE20EA00BBCCFA /* LaunchScreen.storyboard */,
				9BD12F022BFE20EA00BBCCFA /* Info.plist */,
				9BD12EFA2BFE20E800BBCCFA /* NewsApp.xcdatamodeld */,
				9BD12F242C04ADC400BBCCFA /* Constants.swift */,
			);
			path = NewsApp;
			sourceTree = "<group>";
		};
		9BD12F082BFF6B9900BBCCFA /* Controllers */ = {
			isa = PBXGroup;
			children = (
				9BD12EF52BFE20E800BBCCFA /* ViewController.swift */,
				9BD12F0D2BFF701A00BBCCFA /* HomeViewController.swift */,
				9BD12F0F2BFF704600BBCCFA /* SavedArticlesViewController.swift */,
				9BD12F112BFF74E800BBCCFA /* SearchViewController.swift */,
			);
			path = Controllers;
			sourceTree = "<group>";
		};
		9BD12F092BFF6BAC00BBCCFA /* Views */ = {
			isa = PBXGroup;
			children = (
				9BD12EF72BFE20E800BBCCFA /* Main.storyboard */,
				9BD12F282C04B11A00BBCCFA /* ArticleTableViewCell.swift */,
				9BD12F292C04B11A00BBCCFA /* ArticleTableViewCell.xib */,
			);
			path = Views;
			sourceTree = "<group>";
		};
		9BD12F0A2BFF6BB700BBCCFA /* Models */ = {
			isa = PBXGroup;
			children = (
				9BD12F2C2C04B19B00BBCCFA /* ArticleData.swift */,
				9BD12F2E2C04B32100BBCCFA /* ArticleModel.swift */,
				9BD12F302C04B32E00BBCCFA /* NetworkManager.swift */,
			);
			path = Models;
			sourceTree = "<group>";
		};
		9BD12F182C04A0F600BBCCFA /* NewsAppTests */ = {
			isa = PBXGroup;
			children = (
				9BD12F192C04A0F600BBCCFA /* NewsAppTests.swift */,
			);
			path = NewsAppTests;
			sourceTree = "<group>";
		};
/* End PBXGroup section */

/* Begin PBXNativeTarget section */
		9BD12EED2BFE20E800BBCCFA /* NewsApp */ = {
			isa = PBXNativeTarget;
			buildConfigurationList = 9BD12F052BFE20EA00BBCCFA /* Build configuration list for PBXNativeTarget "NewsApp" */;
			buildPhases = (
				271FE901C50FD92CB8ECDF7B /* [CP] Check Pods Manifest.lock */,
				9BD12EEA2BFE20E800BBCCFA /* Sources */,
				9BD12EEB2BFE20E800BBCCFA /* Frameworks */,
				9BD12EEC2BFE20E800BBCCFA /* Resources */,
				D2D76AC7CA11326CA34C2FD5 /* [CP] Embed Pods Frameworks */,
			);
			buildRules = (
			);
			dependencies = (
			);
			name = NewsApp;
			productName = NewsApp;
			productReference = 9BD12EEE2BFE20E800BBCCFA /* NewsApp.app */;
			productType = "com.apple.product-type.application";
		};
		9BD12F162C04A0F600BBCCFA /* NewsAppTests */ = {
			isa = PBXNativeTarget;
			buildConfigurationList = 9BD12F1D2C04A0F600BBCCFA /* Build configuration list for PBXNativeTarget "NewsAppTests" */;
			buildPhases = (
				3EF74892B8456CA32BC2FC71 /* [CP] Check Pods Manifest.lock */,
				9BD12F132C04A0F600BBCCFA /* Sources */,
				9BD12F142C04A0F600BBCCFA /* Frameworks */,
				9BD12F152C04A0F600BBCCFA /* Resources */,
			);
			buildRules = (
			);
			dependencies = (
				9BD12F1C2C04A0F600BBCCFA /* PBXTargetDependency */,
			);
			name = NewsAppTests;
			productName = NewsAppTests;
			productReference = 9BD12F172C04A0F600BBCCFA /* NewsAppTests.xctest */;
			productType = "com.apple.product-type.bundle.unit-test";
		};
/* End PBXNativeTarget section */

/* Begin PBXProject section */
		9BD12EE62BFE20E800BBCCFA /* Project object */ = {
			isa = PBXProject;
			attributes = {
				BuildIndependentTargetsInParallel = 1;
				LastSwiftUpdateCheck = 1510;
				LastUpgradeCheck = 1510;
				TargetAttributes = {
					9BD12EED2BFE20E800BBCCFA = {
						CreatedOnToolsVersion = 15.1;
					};
					9BD12F162C04A0F600BBCCFA = {
						CreatedOnToolsVersion = 15.1;
						TestTargetID = 9BD12EED2BFE20E800BBCCFA;
					};
				};
			};
			buildConfigurationList = 9BD12EE92BFE20E800BBCCFA /* Build configuration list for PBXProject "NewsApp" */;
			compatibilityVersion = "Xcode 14.0";
			developmentRegion = en;
			hasScannedForEncodings = 0;
			knownRegions = (
				en,
				Base,
			);
			mainGroup = 9BD12EE52BFE20E800BBCCFA;
			productRefGroup = 9BD12EEF2BFE20E800BBCCFA /* Products */;
			projectDirPath = "";
			projectRoot = "";
			targets = (
				9BD12EED2BFE20E800BBCCFA /* NewsApp */,
				9BD12F162C04A0F600BBCCFA /* NewsAppTests */,
			);
		};
/* End PBXProject section */

/* Begin PBXResourcesBuildPhase section */
		9BD12EEC2BFE20E800BBCCFA /* Resources */ = {
			isa = PBXResourcesBuildPhase;
			buildActionMask = 2147483647;
			files = (
				9BD12F2B2C04B11A00BBCCFA /* ArticleTableViewCell.xib in Resources */,
				9BD12F012BFE20EA00BBCCFA /* LaunchScreen.storyboard in Resources */,
				9BD12EFE2BFE20EA00BBCCFA /* Assets.xcassets in Resources */,
				9BD12EF92BFE20E800BBCCFA /* Main.storyboard in Resources */,
			);
			runOnlyForDeploymentPostprocessing = 0;
		};
		9BD12F152C04A0F600BBCCFA /* Resources */ = {
			isa = PBXResourcesBuildPhase;
			buildActionMask = 2147483647;
			files = (
			);
			runOnlyForDeploymentPostprocessing = 0;
		};
/* End PBXResourcesBuildPhase section */

/* Begin PBXShellScriptBuildPhase section */
		271FE901C50FD92CB8ECDF7B /* [CP] Check Pods Manifest.lock */ = {
			isa = PBXShellScriptBuildPhase;
			buildActionMask = 2147483647;
			files = (
			);
			inputFileListPaths = (
			);
			inputPaths = (
				"${PODS_PODFILE_DIR_PATH}/Podfile.lock",
				"${PODS_ROOT}/Manifest.lock",
			);
			name = "[CP] Check Pods Manifest.lock";
			outputFileListPaths = (
			);
			outputPaths = (
				"$(DERIVED_FILE_DIR)/Pods-NewsApp-checkManifestLockResult.txt",
			);
			runOnlyForDeploymentPostprocessing = 0;
			shellPath = /bin/sh;
			shellScript = "diff \"${PODS_PODFILE_DIR_PATH}/Podfile.lock\" \"${PODS_ROOT}/Manifest.lock\" > /dev/null\nif [ $? != 0 ] ; then\n    # print error to STDERR\n    echo \"error: The sandbox is not in sync with the Podfile.lock. Run 'pod install' or update your CocoaPods installation.\" >&2\n    exit 1\nfi\n# This output is used by Xcode 'outputs' to avoid re-running this script phase.\necho \"SUCCESS\" > \"${SCRIPT_OUTPUT_FILE_0}\"\n";
			showEnvVarsInLog = 0;
		};
		3EF74892B8456CA32BC2FC71 /* [CP] Check Pods Manifest.lock */ = {
			isa = PBXShellScriptBuildPhase;
			buildActionMask = 2147483647;
			files = (
			);
			inputFileListPaths = (
			);
			inputPaths = (
				"${PODS_PODFILE_DIR_PATH}/Podfile.lock",
				"${PODS_ROOT}/Manifest.lock",
			);
			name = "[CP] Check Pods Manifest.lock";
			outputFileListPaths = (
			);
			outputPaths = (
				"$(DERIVED_FILE_DIR)/Pods-NewsAppTests-checkManifestLockResult.txt",
			);
			runOnlyForDeploymentPostprocessing = 0;
			shellPath = /bin/sh;
			shellScript = "diff \"${PODS_PODFILE_DIR_PATH}/Podfile.lock\" \"${PODS_ROOT}/Manifest.lock\" > /dev/null\nif [ $? != 0 ] ; then\n    # print error to STDERR\n    echo \"error: The sandbox is not in sync with the Podfile.lock. Run 'pod install' or update your CocoaPods installation.\" >&2\n    exit 1\nfi\n# This output is used by Xcode 'outputs' to avoid re-running this script phase.\necho \"SUCCESS\" > \"${SCRIPT_OUTPUT_FILE_0}\"\n";
			showEnvVarsInLog = 0;
		};
		D2D76AC7CA11326CA34C2FD5 /* [CP] Embed Pods Frameworks */ = {
			isa = PBXShellScriptBuildPhase;
			buildActionMask = 2147483647;
			files = (
			);
			inputFileListPaths = (
				"${PODS_ROOT}/Target Support Files/Pods-NewsApp/Pods-NewsApp-frameworks-${CONFIGURATION}-input-files.xcfilelist",
			);
			name = "[CP] Embed Pods Frameworks";
			outputFileListPaths = (
				"${PODS_ROOT}/Target Support Files/Pods-NewsApp/Pods-NewsApp-frameworks-${CONFIGURATION}-output-files.xcfilelist",
			);
			runOnlyForDeploymentPostprocessing = 0;
			shellPath = /bin/sh;
			shellScript = "\"${PODS_ROOT}/Target Support Files/Pods-NewsApp/Pods-NewsApp-frameworks.sh\"\n";
			showEnvVarsInLog = 0;
		};
/* End PBXShellScriptBuildPhase section */

/* Begin PBXSourcesBuildPhase section */
		9BD12EEA2BFE20E800BBCCFA /* Sources */ = {
			isa = PBXSourcesBuildPhase;
			buildActionMask = 2147483647;
			files = (
				9BD12F2A2C04B11A00BBCCFA /* ArticleTableViewCell.swift in Sources */,
				9BD12EF62BFE20E800BBCCFA /* ViewController.swift in Sources */,
				9BD12F122BFF74E800BBCCFA /* SearchViewController.swift in Sources */,
				9BD12EF22BFE20E800BBCCFA /* AppDelegate.swift in Sources */,
				9BD12F102BFF704600BBCCFA /* SavedArticlesViewController.swift in Sources */,
				9BD12EFC2BFE20E800BBCCFA /* NewsApp.xcdatamodeld in Sources */,
				9BD12EF42BFE20E800BBCCFA /* SceneDelegate.swift in Sources */,
				9BD12F0E2BFF701A00BBCCFA /* HomeViewController.swift in Sources */,
				9BD12F312C04B32E00BBCCFA /* NetworkManager.swift in Sources */,
				9BD12F2D2C04B19B00BBCCFA /* ArticleData.swift in Sources */,
				9BD12F2F2C04B32100BBCCFA /* ArticleModel.swift in Sources */,
				9BD12F252C04ADC400BBCCFA /* Constants.swift in Sources */,
			);
			runOnlyForDeploymentPostprocessing = 0;
		};
		9BD12F132C04A0F600BBCCFA /* Sources */ = {
			isa = PBXSourcesBuildPhase;
			buildActionMask = 2147483647;
			files = (
				9BD12F1A2C04A0F600BBCCFA /* NewsAppTests.swift in Sources */,
			);
			runOnlyForDeploymentPostprocessing = 0;
		};
/* End PBXSourcesBuildPhase section */

/* Begin PBXTargetDependency section */
		9BD12F1C2C04A0F600BBCCFA /* PBXTargetDependency */ = {
			isa = PBXTargetDependency;
			target = 9BD12EED2BFE20E800BBCCFA /* NewsApp */;
			targetProxy = 9BD12F1B2C04A0F600BBCCFA /* PBXContainerItemProxy */;
		};
/* End PBXTargetDependency section */

/* Begin PBXVariantGroup section */
		9BD12EF72BFE20E800BBCCFA /* Main.storyboard */ = {
			isa = PBXVariantGroup;
			children = (
				9BD12EF82BFE20E800BBCCFA /* Base */,
			);
			name = Main.storyboard;
			sourceTree = "<group>";
		};
		9BD12EFF2BFE20EA00BBCCFA /* LaunchScreen.storyboard */ = {
			isa = PBXVariantGroup;
			children = (
				9BD12F002BFE20EA00BBCCFA /* Base */,
			);
			name = LaunchScreen.storyboard;
			sourceTree = "<group>";
		};
/* End PBXVariantGroup section */

/* Begin XCBuildConfiguration section */
		9BD12F032BFE20EA00BBCCFA /* Debug */ = {
			isa = XCBuildConfiguration;
			buildSettings = {
				ALWAYS_SEARCH_USER_PATHS = NO;
				ASSETCATALOG_COMPILER_GENERATE_SWIFT_ASSET_SYMBOL_EXTENSIONS = YES;
				CLANG_ANALYZER_NONNULL = YES;
				CLANG_ANALYZER_NUMBER_OBJECT_CONVERSION = YES_AGGRESSIVE;
				CLANG_CXX_LANGUAGE_STANDARD = "gnu++20";
				CLANG_ENABLE_MODULES = YES;
				CLANG_ENABLE_OBJC_ARC = YES;
				CLANG_ENABLE_OBJC_WEAK = YES;
				CLANG_WARN_BLOCK_CAPTURE_AUTORELEASING = YES;
				CLANG_WARN_BOOL_CONVERSION = YES;
				CLANG_WARN_COMMA = YES;
				CLANG_WARN_CONSTANT_CONVERSION = YES;
				CLANG_WARN_DEPRECATED_OBJC_IMPLEMENTATIONS = YES;
				CLANG_WARN_DIRECT_OBJC_ISA_USAGE = YES_ERROR;
				CLANG_WARN_DOCUMENTATION_COMMENTS = YES;
				CLANG_WARN_EMPTY_BODY = YES;
				CLANG_WARN_ENUM_CONVERSION = YES;
				CLANG_WARN_INFINITE_RECURSION = YES;
				CLANG_WARN_INT_CONVERSION = YES;
				CLANG_WARN_NON_LITERAL_NULL_CONVERSION = YES;
				CLANG_WARN_OBJC_IMPLICIT_RETAIN_SELF = YES;
				CLANG_WARN_OBJC_LITERAL_CONVERSION = YES;
				CLANG_WARN_OBJC_ROOT_CLASS = YES_ERROR;
				CLANG_WARN_QUOTED_INCLUDE_IN_FRAMEWORK_HEADER = YES;
				CLANG_WARN_RANGE_LOOP_ANALYSIS = YES;
				CLANG_WARN_STRICT_PROTOTYPES = YES;
				CLANG_WARN_SUSPICIOUS_MOVE = YES;
				CLANG_WARN_UNGUARDED_AVAILABILITY = YES_AGGRESSIVE;
				CLANG_WARN_UNREACHABLE_CODE = YES;
				CLANG_WARN__DUPLICATE_METHOD_MATCH = YES;
				COPY_PHASE_STRIP = NO;
				DEBUG_INFORMATION_FORMAT = dwarf;
				ENABLE_STRICT_OBJC_MSGSEND = YES;
				ENABLE_TESTABILITY = YES;
				ENABLE_USER_SCRIPT_SANDBOXING = NO;
				GCC_C_LANGUAGE_STANDARD = gnu17;
				GCC_DYNAMIC_NO_PIC = NO;
				GCC_NO_COMMON_BLOCKS = YES;
				GCC_OPTIMIZATION_LEVEL = 0;
				GCC_PREPROCESSOR_DEFINITIONS = (
					"DEBUG=1",
					"$(inherited)",
				);
				GCC_WARN_64_TO_32_BIT_CONVERSION = YES;
				GCC_WARN_ABOUT_RETURN_TYPE = YES_ERROR;
				GCC_WARN_UNDECLARED_SELECTOR = YES;
				GCC_WARN_UNINITIALIZED_AUTOS = YES_AGGRESSIVE;
				GCC_WARN_UNUSED_FUNCTION = YES;
				GCC_WARN_UNUSED_VARIABLE = YES;
				IPHONEOS_DEPLOYMENT_TARGET = 17.2;
				LOCALIZATION_PREFERS_STRING_CATALOGS = YES;
				MTL_ENABLE_DEBUG_INFO = INCLUDE_SOURCE;
				MTL_FAST_MATH = YES;
				ONLY_ACTIVE_ARCH = YES;
				SDKROOT = iphoneos;
				SWIFT_ACTIVE_COMPILATION_CONDITIONS = "DEBUG $(inherited)";
				SWIFT_OPTIMIZATION_LEVEL = "-Onone";
			};
			name = Debug;
		};
		9BD12F042BFE20EA00BBCCFA /* Release */ = {
			isa = XCBuildConfiguration;
			buildSettings = {
				ALWAYS_SEARCH_USER_PATHS = NO;
				ASSETCATALOG_COMPILER_GENERATE_SWIFT_ASSET_SYMBOL_EXTENSIONS = YES;
				CLANG_ANALYZER_NONNULL = YES;
				CLANG_ANALYZER_NUMBER_OBJECT_CONVERSION = YES_AGGRESSIVE;
				CLANG_CXX_LANGUAGE_STANDARD = "gnu++20";
				CLANG_ENABLE_MODULES = YES;
				CLANG_ENABLE_OBJC_ARC = YES;
				CLANG_ENABLE_OBJC_WEAK = YES;
				CLANG_WARN_BLOCK_CAPTURE_AUTORELEASING = YES;
				CLANG_WARN_BOOL_CONVERSION = YES;
				CLANG_WARN_COMMA = YES;
				CLANG_WARN_CONSTANT_CONVERSION = YES;
				CLANG_WARN_DEPRECATED_OBJC_IMPLEMENTATIONS = YES;
				CLANG_WARN_DIRECT_OBJC_ISA_USAGE = YES_ERROR;
				CLANG_WARN_DOCUMENTATION_COMMENTS = YES;
				CLANG_WARN_EMPTY_BODY = YES;
				CLANG_WARN_ENUM_CONVERSION = YES;
				CLANG_WARN_INFINITE_RECURSION = YES;
				CLANG_WARN_INT_CONVERSION = YES;
				CLANG_WARN_NON_LITERAL_NULL_CONVERSION = YES;
				CLANG_WARN_OBJC_IMPLICIT_RETAIN_SELF = YES;
				CLANG_WARN_OBJC_LITERAL_CONVERSION = YES;
				CLANG_WARN_OBJC_ROOT_CLASS = YES_ERROR;
				CLANG_WARN_QUOTED_INCLUDE_IN_FRAMEWORK_HEADER = YES;
				CLANG_WARN_RANGE_LOOP_ANALYSIS = YES;
				CLANG_WARN_STRICT_PROTOTYPES = YES;
				CLANG_WARN_SUSPICIOUS_MOVE = YES;
				CLANG_WARN_UNGUARDED_AVAILABILITY = YES_AGGRESSIVE;
				CLANG_WARN_UNREACHABLE_CODE = YES;
				CLANG_WARN__DUPLICATE_METHOD_MATCH = YES;
				COPY_PHASE_STRIP = NO;
				DEBUG_INFORMATION_FORMAT = "dwarf-with-dsym";
				ENABLE_NS_ASSERTIONS = NO;
				ENABLE_STRICT_OBJC_MSGSEND = YES;
				ENABLE_USER_SCRIPT_SANDBOXING = NO;
				GCC_C_LANGUAGE_STANDARD = gnu17;
				GCC_NO_COMMON_BLOCKS = YES;
				GCC_WARN_64_TO_32_BIT_CONVERSION = YES;
				GCC_WARN_ABOUT_RETURN_TYPE = YES_ERROR;
				GCC_WARN_UNDECLARED_SELECTOR = YES;
				GCC_WARN_UNINITIALIZED_AUTOS = YES_AGGRESSIVE;
				GCC_WARN_UNUSED_FUNCTION = YES;
				GCC_WARN_UNUSED_VARIABLE = YES;
				IPHONEOS_DEPLOYMENT_TARGET = 17.2;
				LOCALIZATION_PREFERS_STRING_CATALOGS = YES;
				MTL_ENABLE_DEBUG_INFO = NO;
				MTL_FAST_MATH = YES;
				SDKROOT = iphoneos;
				SWIFT_COMPILATION_MODE = wholemodule;
				VALIDATE_PRODUCT = YES;
			};
			name = Release;
		};
		9BD12F062BFE20EA00BBCCFA /* Debug */ = {
			isa = XCBuildConfiguration;
			baseConfigurationReference = BC0A31BC0A67B85D57761DDC /* Pods-NewsApp.debug.xcconfig */;
			buildSettings = {
				ASSETCATALOG_COMPILER_APPICON_NAME = AppIcon;
				ASSETCATALOG_COMPILER_GLOBAL_ACCENT_COLOR_NAME = AccentColor;
				CODE_SIGN_STYLE = Automatic;
				CURRENT_PROJECT_VERSION = 1;
				DEVELOPMENT_TEAM = HH8T8G7VKN;
				GENERATE_INFOPLIST_FILE = YES;
				INFOPLIST_FILE = NewsApp/Info.plist;
				INFOPLIST_KEY_UIApplicationSupportsIndirectInputEvents = YES;
				INFOPLIST_KEY_UILaunchStoryboardName = LaunchScreen;
				INFOPLIST_KEY_UIMainStoryboardFile = Main;
				INFOPLIST_KEY_UISupportedInterfaceOrientations = UIInterfaceOrientationPortrait;
				INFOPLIST_KEY_UISupportedInterfaceOrientations_iPad = "UIInterfaceOrientationLandscapeLeft UIInterfaceOrientationLandscapeRight UIInterfaceOrientationPortrait UIInterfaceOrientationPortraitUpsideDown";
				IPHONEOS_DEPLOYMENT_TARGET = 15.0;
				LD_RUNPATH_SEARCH_PATHS = (
					"$(inherited)",
					"@executable_path/Frameworks",
				);
				MARKETING_VERSION = 1.0;
				PRODUCT_BUNDLE_IDENTIFIER = com.gaeul.NewsApp;
				PRODUCT_NAME = "$(TARGET_NAME)";
				SUPPORTED_PLATFORMS = "iphoneos iphonesimulator";
				SUPPORTS_MACCATALYST = NO;
				SUPPORTS_MAC_DESIGNED_FOR_IPHONE_IPAD = NO;
				SWIFT_EMIT_LOC_STRINGS = YES;
				SWIFT_VERSION = 5.0;
				TARGETED_DEVICE_FAMILY = 1;
			};
			name = Debug;
		};
		9BD12F072BFE20EA00BBCCFA /* Release */ = {
			isa = XCBuildConfiguration;
			baseConfigurationReference = F30CC01F1231C68F6C408F96 /* Pods-NewsApp.release.xcconfig */;
			buildSettings = {
				ASSETCATALOG_COMPILER_APPICON_NAME = AppIcon;
				ASSETCATALOG_COMPILER_GLOBAL_ACCENT_COLOR_NAME = AccentColor;
				CODE_SIGN_STYLE = Automatic;
				CURRENT_PROJECT_VERSION = 1;
				DEVELOPMENT_TEAM = HH8T8G7VKN;
				GENERATE_INFOPLIST_FILE = YES;
				INFOPLIST_FILE = NewsApp/Info.plist;
				INFOPLIST_KEY_UIApplicationSupportsIndirectInputEvents = YES;
				INFOPLIST_KEY_UILaunchStoryboardName = LaunchScreen;
				INFOPLIST_KEY_UIMainStoryboardFile = Main;
				INFOPLIST_KEY_UISupportedInterfaceOrientations = UIInterfaceOrientationPortrait;
				INFOPLIST_KEY_UISupportedInterfaceOrientations_iPad = "UIInterfaceOrientationLandscapeLeft UIInterfaceOrientationLandscapeRight UIInterfaceOrientationPortrait UIInterfaceOrientationPortraitUpsideDown";
				IPHONEOS_DEPLOYMENT_TARGET = 15.0;
				LD_RUNPATH_SEARCH_PATHS = (
					"$(inherited)",
					"@executable_path/Frameworks",
				);
				MARKETING_VERSION = 1.0;
				PRODUCT_BUNDLE_IDENTIFIER = com.gaeul.NewsApp;
				PRODUCT_NAME = "$(TARGET_NAME)";
				SUPPORTED_PLATFORMS = "iphoneos iphonesimulator";
				SUPPORTS_MACCATALYST = NO;
				SUPPORTS_MAC_DESIGNED_FOR_IPHONE_IPAD = NO;
				SWIFT_EMIT_LOC_STRINGS = YES;
				SWIFT_VERSION = 5.0;
				TARGETED_DEVICE_FAMILY = 1;
			};
			name = Release;
		};
		9BD12F1E2C04A0F600BBCCFA /* Debug */ = {
			isa = XCBuildConfiguration;
			baseConfigurationReference = 4267094717AFDBF2E14E73F1 /* Pods-NewsAppTests.debug.xcconfig */;
			buildSettings = {
				BUNDLE_LOADER = "$(TEST_HOST)";
				CODE_SIGN_STYLE = Automatic;
				CURRENT_PROJECT_VERSION = 1;
				DEVELOPMENT_TEAM = HH8T8G7VKN;
				GENERATE_INFOPLIST_FILE = YES;
				MARKETING_VERSION = 1.0;
				PRODUCT_BUNDLE_IDENTIFIER = com.gaeul.NewsAppTests;
				PRODUCT_NAME = "$(TARGET_NAME)";
				SWIFT_EMIT_LOC_STRINGS = NO;
				SWIFT_VERSION = 5.0;
				TARGETED_DEVICE_FAMILY = "1,2";
				TEST_HOST = "$(BUILT_PRODUCTS_DIR)/NewsApp.app/$(BUNDLE_EXECUTABLE_FOLDER_PATH)/NewsApp";
			};
			name = Debug;
		};
		9BD12F1F2C04A0F600BBCCFA /* Release */ = {
			isa = XCBuildConfiguration;
			baseConfigurationReference = 46B38344ADC330A6E4A42130 /* Pods-NewsAppTests.release.xcconfig */;
			buildSettings = {
				BUNDLE_LOADER = "$(TEST_HOST)";
				CODE_SIGN_STYLE = Automatic;
				CURRENT_PROJECT_VERSION = 1;
				DEVELOPMENT_TEAM = HH8T8G7VKN;
				GENERATE_INFOPLIST_FILE = YES;
				MARKETING_VERSION = 1.0;
				PRODUCT_BUNDLE_IDENTIFIER = com.gaeul.NewsAppTests;
				PRODUCT_NAME = "$(TARGET_NAME)";
				SWIFT_EMIT_LOC_STRINGS = NO;
				SWIFT_VERSION = 5.0;
				TARGETED_DEVICE_FAMILY = "1,2";
				TEST_HOST = "$(BUILT_PRODUCTS_DIR)/NewsApp.app/$(BUNDLE_EXECUTABLE_FOLDER_PATH)/NewsApp";
			};
			name = Release;
		};
/* End XCBuildConfiguration section */

/* Begin XCConfigurationList section */
		9BD12EE92BFE20E800BBCCFA /* Build configuration list for PBXProject "NewsApp" */ = {
			isa = XCConfigurationList;
			buildConfigurations = (
				9BD12F032BFE20EA00BBCCFA /* Debug */,
				9BD12F042BFE20EA00BBCCFA /* Release */,
			);
			defaultConfigurationIsVisible = 0;
			defaultConfigurationName = Release;
		};
		9BD12F052BFE20EA00BBCCFA /* Build configuration list for PBXNativeTarget "NewsApp" */ = {
			isa = XCConfigurationList;
			buildConfigurations = (
				9BD12F062BFE20EA00BBCCFA /* Debug */,
				9BD12F072BFE20EA00BBCCFA /* Release */,
			);
			defaultConfigurationIsVisible = 0;
			defaultConfigurationName = Release;
		};
		9BD12F1D2C04A0F600BBCCFA /* Build configuration list for PBXNativeTarget "NewsAppTests" */ = {
			isa = XCConfigurationList;
			buildConfigurations = (
				9BD12F1E2C04A0F600BBCCFA /* Debug */,
				9BD12F1F2C04A0F600BBCCFA /* Release */,
			);
			defaultConfigurationIsVisible = 0;
			defaultConfigurationName = Release;
		};
/* End XCConfigurationList section */

/* Begin XCVersionGroup section */
		9BD12EFA2BFE20E800BBCCFA /* NewsApp.xcdatamodeld */ = {
			isa = XCVersionGroup;
			children = (
				9BD12EFB2BFE20E800BBCCFA /* NewsApp.xcdatamodel */,
			);
			currentVersion = 9BD12EFB2BFE20E800BBCCFA /* NewsApp.xcdatamodel */;
			path = NewsApp.xcdatamodeld;
			sourceTree = "<group>";
			versionGroupType = wrapper.xcdatamodel;
		};
/* End XCVersionGroup section */
	};
	rootObject = 9BD12EE62BFE20E800BBCCFA /* Project object */;
}
